PODS:
  - Capacitor (7.2.0):
    - CapacitorCordova
  - CapacitorApp (7.0.1):
    - Capacitor
  - CapacitorBrowser (7.0.1):
    - Capacitor
  - CapacitorCamera (7.0.1):
    - Capacitor
  - CapacitorClipboard (7.0.1):
    - Capacitor
  - CapacitorCommunityKeepAwake (7.0.0):
    - Capacitor
  - CapacitorCommunitySqlite (7.0.0):
    - Capacitor
    - SQLCipher
    - ZIPFoundation
  - CapacitorCordova (7.2.0)
  - CapacitorDialog (7.0.1):
    - Capacitor
  - CapacitorFilesystem (7.0.1):
    - Capacitor
  - CapacitorGeolocation (7.1.1):
    - Capacitor
    - IONGeolocationLib (~> 1.0)
  - CapacitorIosAutofillSavePassword (5.0.0):
    - Capacitor
  - CapacitorLocalNotifications (7.0.1):
    - Capacitor
  - CapacitorNativeSettings (7.0.1):
    - Capacitor
  - CapacitorNetwork (7.0.1):
    - Capacitor
  - CapacitorPreferences (7.0.1):
    - Capacitor
  - IONGeolocationLib (1.0.0)
  - Sentry/HybridSDK (8.48.0)
  - SentryCapacitor (1.4.0):
    - Capacitor
    - Sentry/HybridSDK (= 8.48.0)
  - shared (1.0)
  - SQLCipher (4.7.0):
    - SQLCipher/standard (= 4.7.0)
  - SQLCipher/common (4.7.0)
  - SQLCipher/standard (4.7.0):
    - SQLCipher/common
  - ZIPFoundation (0.9.19)

DEPENDENCIES:
  - "Capacitor (from `../../node_modules/@capacitor/ios`)"
  - "CapacitorApp (from `../../node_modules/@capacitor/app`)"
  - "CapacitorBrowser (from `../../node_modules/@capacitor/browser`)"
  - "CapacitorCamera (from `../../node_modules/@capacitor/camera`)"
  - "CapacitorClipboard (from `../../node_modules/@capacitor/clipboard`)"
  - "CapacitorCommunityKeepAwake (from `../../node_modules/@capacitor-community/keep-awake`)"
  - "CapacitorCommunitySqlite (from `../../node_modules/@capacitor-community/sqlite`)"
  - "CapacitorCordova (from `../../node_modules/@capacitor/ios`)"
  - "CapacitorDialog (from `../../node_modules/@capacitor/dialog`)"
  - "CapacitorFilesystem (from `../../node_modules/@capacitor/filesystem`)"
  - "CapacitorGeolocation (from `../../node_modules/@capacitor/geolocation`)"
  - CapacitorIosAutofillSavePassword (from `../../node_modules/capacitor-ios-autofill-save-password`)
  - "CapacitorLocalNotifications (from `../../node_modules/@capacitor/local-notifications`)"
  - CapacitorNativeSettings (from `../../node_modules/capacitor-native-settings`)
  - "CapacitorNetwork (from `../../node_modules/@capacitor/network`)"
  - "CapacitorPreferences (from `../../node_modules/@capacitor/preferences`)"
  - "SentryCapacitor (from `../../node_modules/@sentry/capacitor`)"
  - shared (from `../shared`)

SPEC REPOS:
  trunk:
    - IONGeolocationLib
    - Sentry
    - SQLCipher
    - ZIPFoundation

EXTERNAL SOURCES:
  Capacitor:
    :path: "../../node_modules/@capacitor/ios"
  CapacitorApp:
    :path: "../../node_modules/@capacitor/app"
  CapacitorBrowser:
    :path: "../../node_modules/@capacitor/browser"
  CapacitorCamera:
    :path: "../../node_modules/@capacitor/camera"
  CapacitorClipboard:
    :path: "../../node_modules/@capacitor/clipboard"
  CapacitorCommunityKeepAwake:
    :path: "../../node_modules/@capacitor-community/keep-awake"
  CapacitorCommunitySqlite:
    :path: "../../node_modules/@capacitor-community/sqlite"
  CapacitorCordova:
    :path: "../../node_modules/@capacitor/ios"
  CapacitorDialog:
    :path: "../../node_modules/@capacitor/dialog"
  CapacitorFilesystem:
    :path: "../../node_modules/@capacitor/filesystem"
  CapacitorGeolocation:
    :path: "../../node_modules/@capacitor/geolocation"
  CapacitorIosAutofillSavePassword:
    :path: "../../node_modules/capacitor-ios-autofill-save-password"
  CapacitorLocalNotifications:
    :path: "../../node_modules/@capacitor/local-notifications"
  CapacitorNativeSettings:
    :path: "../../node_modules/capacitor-native-settings"
  CapacitorNetwork:
    :path: "../../node_modules/@capacitor/network"
  CapacitorPreferences:
    :path: "../../node_modules/@capacitor/preferences"
  SentryCapacitor:
    :path: "../../node_modules/@sentry/capacitor"
  shared:
    :path: "../shared"

SPEC CHECKSUMS:
  Capacitor: 03bc7cbdde6a629a8b910a9d7d78c3cc7ed09ea7
  CapacitorApp: febecbb9582cb353aed037e18ec765141f880fe9
  CapacitorBrowser: 6299776d496e968505464884d565992faa20444a
  CapacitorCamera: 6e73f1fc6c629a672658705a02409b60854bc0f1
  CapacitorClipboard: 70bfdb42b877b320a6e511ab94fa7a6a55d57ecb
  CapacitorCommunityKeepAwake: ae762ce29b53147d28cfcaae5273cd1db0c38fc4
  CapacitorCommunitySqlite: b11e556cf5d149f9e0b6fbbb47959a6cd718c3d0
  CapacitorCordova: 5967b9ba03915ef1d585469d6e31f31dc49be96f
  CapacitorDialog: 0e09f242f6c3f5e82e4dc76b20f2a056be57a579
  CapacitorFilesystem: e6261c410436f54908c11f94336c5b58286b1db0
  CapacitorGeolocation: c0755715aaadf5c86dc0053e1127b368444c914b
  CapacitorIosAutofillSavePassword: 60b1afd83532bfa85ab1c3f1341ce5ac397e3d30
  CapacitorLocalNotifications: c2212755b33d2513b8bb325096ce3a64d4039ae3
  CapacitorNativeSettings: bef37b3c7e2184da7416a3f162c71de19fd27593
  CapacitorNetwork: 15cb4385f0913a8ceb5e9a4d7af1ec554bdb8de8
  CapacitorPreferences: 6c98117d4d7508034a4af9db64d6b26fc75d7b94
  IONGeolocationLib: 81f33f88d025846946de2cf63b0c7628e7c6bc9d
  Sentry: 1ca8405451040482877dcd344dfa3ef80b646631
  SentryCapacitor: 5555ac5b8c2cf3fbdac6973e7d1d62c9b7d5277b
  shared: 655a369eaa8d440bae00b6d7208194db21051145
  SQLCipher: ba9d0076041ed767c5bd3d3f77098318d04a403c
  ZIPFoundation: b8c29ea7ae353b309bc810586181fd073cb3312c

PODFILE CHECKSUM: 991fcdb09e4de3bd0511281fe0ad1a4c49ca3e91

COCOAPODS: 1.16.2
