PODS:
  - Capacitor (7.4.4):
    - CapacitorCordova
  - CapacitorApp (7.1.0):
    - Capacitor
  - CapacitorBrowser (7.0.2):
    - Capacitor
  - CapacitorCamera (7.0.2):
    - Capacitor
  - CapacitorClipboard (7.0.2):
    - Capacitor
  - CapacitorCommunityKeepAwake (7.1.0):
    - Capacitor
  - CapacitorCommunitySqlite (7.0.0):
    - Capacitor
    - SQLCipher
    - ZIPFoundation
  - CapacitorCordova (7.4.4)
  - CapacitorDialog (7.0.2):
    - Capacitor
  - CapacitorFilesystem (7.1.4):
    - Capacitor
    - IONFilesystemLib (~> 1.0.1)
  - CapacitorGeolocation (7.1.5):
    - Capacitor
    - IONGeolocationLib (= 1.0.1)
  - CapacitorIosAutofillSavePassword (5.0.0):
    - Capacitor
  - CapacitorLocalNotifications (7.0.3):
    - Capacitor
  - CapacitorNativeSettings (7.0.2):
    - Capacitor
  - CapacitorNetwork (7.0.2):
    - Capacitor
  - CapacitorPreferences (7.0.2):
    - Capacitor
  - IONFilesystemLib (1.0.1)
  - IONGeolocationLib (1.0.1)
  - Sentry/HybridSDK (8.56.2)
  - SentryCapacitor (2.4.0):
    - Capacitor
    - Sentry/HybridSDK (= 8.56.2)
  - shared (1.0)
  - SQLCipher (4.7.0):
    - SQLCipher/standard (= 4.7.0)
  - SQLCipher/common (4.7.0)
  - SQLCipher/standard (4.7.0):
    - SQLCipher/common
  - ZIPFoundation (0.9.19)

DEPENDENCIES:
  - "Capacitor (from `../../node_modules/@capacitor/ios`)"
  - "CapacitorApp (from `../../node_modules/@capacitor/app`)"
  - "CapacitorBrowser (from `../../node_modules/@capacitor/browser`)"
  - "CapacitorCamera (from `../../node_modules/@capacitor/camera`)"
  - "CapacitorClipboard (from `../../node_modules/@capacitor/clipboard`)"
  - "CapacitorCommunityKeepAwake (from `../../node_modules/@capacitor-community/keep-awake`)"
  - "CapacitorCommunitySqlite (from `../../node_modules/@capacitor-community/sqlite`)"
  - "CapacitorCordova (from `../../node_modules/@capacitor/ios`)"
  - "CapacitorDialog (from `../../node_modules/@capacitor/dialog`)"
  - "CapacitorFilesystem (from `../../node_modules/@capacitor/filesystem`)"
  - "CapacitorGeolocation (from `../../node_modules/@capacitor/geolocation`)"
  - CapacitorIosAutofillSavePassword (from `../../node_modules/capacitor-ios-autofill-save-password`)
  - "CapacitorLocalNotifications (from `../../node_modules/@capacitor/local-notifications`)"
  - CapacitorNativeSettings (from `../../node_modules/capacitor-native-settings`)
  - "CapacitorNetwork (from `../../node_modules/@capacitor/network`)"
  - "CapacitorPreferences (from `../../node_modules/@capacitor/preferences`)"
  - "SentryCapacitor (from `../../node_modules/@sentry/capacitor`)"
  - shared (from `../shared`)

SPEC REPOS:
  trunk:
    - IONFilesystemLib
    - IONGeolocationLib
    - Sentry
    - SQLCipher
    - ZIPFoundation

EXTERNAL SOURCES:
  Capacitor:
    :path: "../../node_modules/@capacitor/ios"
  CapacitorApp:
    :path: "../../node_modules/@capacitor/app"
  CapacitorBrowser:
    :path: "../../node_modules/@capacitor/browser"
  CapacitorCamera:
    :path: "../../node_modules/@capacitor/camera"
  CapacitorClipboard:
    :path: "../../node_modules/@capacitor/clipboard"
  CapacitorCommunityKeepAwake:
    :path: "../../node_modules/@capacitor-community/keep-awake"
  CapacitorCommunitySqlite:
    :path: "../../node_modules/@capacitor-community/sqlite"
  CapacitorCordova:
    :path: "../../node_modules/@capacitor/ios"
  CapacitorDialog:
    :path: "../../node_modules/@capacitor/dialog"
  CapacitorFilesystem:
    :path: "../../node_modules/@capacitor/filesystem"
  CapacitorGeolocation:
    :path: "../../node_modules/@capacitor/geolocation"
  CapacitorIosAutofillSavePassword:
    :path: "../../node_modules/capacitor-ios-autofill-save-password"
  CapacitorLocalNotifications:
    :path: "../../node_modules/@capacitor/local-notifications"
  CapacitorNativeSettings:
    :path: "../../node_modules/capacitor-native-settings"
  CapacitorNetwork:
    :path: "../../node_modules/@capacitor/network"
  CapacitorPreferences:
    :path: "../../node_modules/@capacitor/preferences"
  SentryCapacitor:
    :path: "../../node_modules/@sentry/capacitor"
  shared:
    :path: "../shared"

SPEC CHECKSUMS:
  Capacitor: 358dd1c3fdd71d969547b17e159fd8a7736cb45f
  CapacitorApp: 26587c2ce485d88ddb39adb21cac64f8e481afe3
  CapacitorBrowser: 22541e48442de44dc629c214388290d6eecc6ae9
  CapacitorCamera: f9e54db0a18bb218a8dc360907d63aaefe9209ff
  CapacitorClipboard: 7e227702976d4435a5a40df54f65e154d0dfc1f3
  CapacitorCommunityKeepAwake: 05c75aab989f60e621870cf03b24a144a5544c30
  CapacitorCommunitySqlite: b11e556cf5d149f9e0b6fbbb47959a6cd718c3d0
  CapacitorCordova: bf648a636f3c153f652d312ae145fb508b6ffced
  CapacitorDialog: 5bf72a94b747fb339df6f64ef60812e5e4630ad2
  CapacitorFilesystem: f9bd850c41e048180e5dc0cbb90f2033ede9d2cc
  CapacitorGeolocation: 84f868bea4c2499aebc3bb3a88fd0a508f87ab87
  CapacitorIosAutofillSavePassword: 60b1afd83532bfa85ab1c3f1341ce5ac397e3d30
  CapacitorLocalNotifications: 0811aef56ab2e5f7f9ae72f47d3473ab50c29038
  CapacitorNativeSettings: 3cd2e2ef431fe471674f381609cfb29154ddfcfa
  CapacitorNetwork: 695069886b3c5ed514db69aa3d026b8dc3c03a6b
  CapacitorPreferences: 65107ed7437d96ee72583df5763985e3c0ff2bc2
  IONFilesystemLib: 89258b8e3e85465da93127d25d7ce37f977e8a6f
  IONGeolocationLib: 20f9d0248a0b5264511fb57a37e25dd2badf797a
  Sentry: b53951377b78e21a734f5dc8318e333dbfc682d7
  SentryCapacitor: 2d8a3a6ed63df2b7aceabad353b0d8556ed24035
  shared: 655a369eaa8d440bae00b6d7208194db21051145
  SQLCipher: ba9d0076041ed767c5bd3d3f77098318d04a403c
  ZIPFoundation: b8c29ea7ae353b309bc810586181fd073cb3312c

PODFILE CHECKSUM: 991fcdb09e4de3bd0511281fe0ad1a4c49ca3e91

COCOAPODS: 1.16.2
