PODS:
  - Capacitor (5.0.4):
    - CapacitorCordova
  - CapacitorApp (5.0.2):
    - Capacitor
  - CapacitorBrowser (5.0.2):
    - Capacitor
  - CapacitorCamera (5.0.2):
    - Capacitor
  - CapacitorClipboard (5.0.2):
    - Capacitor
  - CapacitorCommunityFirebaseCrashlytics (3.0.0):
    - Capacitor
    - Firebase/Crashlytics (= 8.12.1)
  - CapacitorCommunityKeepAwake (4.0.0):
    - Capacitor
  - CapacitorCommunitySqlite (5.0.2):
    - Capacitor
    - SQLCipher
    - ZIPFoundation
  - CapacitorCordova (5.0.4)
  - CapacitorDialog (5.0.2):
    - Capacitor
  - CapacitorFilesystem (5.0.2):
    - Capacitor
  - CapacitorGeolocation (5.0.2):
    - Capacitor
  - CapacitorNativeSettings (5.0.1):
    - Capacitor
  - CapacitorPreferences (5.0.2):
    - Capacitor
  - Firebase/CoreOnly (8.12.1):
    - FirebaseCore (= 8.12.1)
  - Firebase/Crashlytics (8.12.1):
    - Firebase/CoreOnly
    - FirebaseCrashlytics (~> 8.12.0)
  - FirebaseCore (8.12.1):
    - FirebaseCoreDiagnostics (~> 8.0)
    - GoogleUtilities/Environment (~> 7.7)
    - GoogleUtilities/Logger (~> 7.7)
  - FirebaseCoreDiagnostics (8.15.0):
    - GoogleDataTransport (~> 9.1)
    - GoogleUtilities/Environment (~> 7.7)
    - GoogleUtilities/Logger (~> 7.7)
    - nanopb (~> 2.30908.0)
  - FirebaseCrashlytics (8.12.0):
    - FirebaseCore (~> 8.0)
    - FirebaseInstallations (~> 8.0)
    - GoogleDataTransport (~> 9.1)
    - GoogleUtilities/Environment (~> 7.7)
    - nanopb (~> 2.30908.0)
    - PromisesObjC (< 3.0, >= 1.2)
  - FirebaseInstallations (8.15.0):
    - FirebaseCore (~> 8.0)
    - GoogleUtilities/Environment (~> 7.7)
    - GoogleUtilities/UserDefaults (~> 7.7)
    - PromisesObjC (< 3.0, >= 1.2)
  - GoogleDataTransport (9.2.3):
    - GoogleUtilities/Environment (~> 7.7)
    - nanopb (< 2.30910.0, >= 2.30908.0)
    - PromisesObjC (< 3.0, >= 1.2)
  - GoogleUtilities/Environment (7.11.1):
    - PromisesObjC (< 3.0, >= 1.2)
  - GoogleUtilities/Logger (7.11.1):
    - GoogleUtilities/Environment
  - GoogleUtilities/UserDefaults (7.11.1):
    - GoogleUtilities/Logger
  - nanopb (2.30908.0):
    - nanopb/decode (= 2.30908.0)
    - nanopb/encode (= 2.30908.0)
  - nanopb/decode (2.30908.0)
  - nanopb/encode (2.30908.0)
  - PromisesObjC (2.2.0)
  - shared (1.0)
  - SQLCipher (4.5.3):
    - SQLCipher/standard (= 4.5.3)
  - SQLCipher/common (4.5.3)
  - SQLCipher/standard (4.5.3):
    - SQLCipher/common
  - ZIPFoundation (0.9.16)

DEPENDENCIES:
  - "Capacitor (from `../../node_modules/.pnpm/@capacitor+ios@5.0.4_@capacitor+core@5.0.4/node_modules/@capacitor/ios`)"
  - "CapacitorApp (from `../../node_modules/.pnpm/@capacitor+app@5.0.2_@capacitor+core@5.0.4/node_modules/@capacitor/app`)"
  - "CapacitorBrowser (from `../../node_modules/.pnpm/@capacitor+browser@5.0.2_@capacitor+core@5.0.4/node_modules/@capacitor/browser`)"
  - "CapacitorCamera (from `../../node_modules/.pnpm/@capacitor+camera@5.0.2_@capacitor+core@5.0.4/node_modules/@capacitor/camera`)"
  - "CapacitorClipboard (from `../../node_modules/.pnpm/@capacitor+clipboard@5.0.2_@capacitor+core@5.0.4/node_modules/@capacitor/clipboard`)"
  - "CapacitorCommunityFirebaseCrashlytics (from `../../node_modules/.pnpm/@capacitor-community+firebase-crashlytics@3.0.0_@capacitor+core@5.0.4/node_modules/@capacitor-community/firebase-crashlytics`)"
  - "CapacitorCommunityKeepAwake (from `../../node_modules/.pnpm/@capacitor-community+keep-awake@4.0.0_@capacitor+core@5.0.4/node_modules/@capacitor-community/keep-awake`)"
  - "CapacitorCommunitySqlite (from `../../node_modules/.pnpm/@capacitor-community+sqlite@5.0.2_@capacitor+core@5.0.4/node_modules/@capacitor-community/sqlite`)"
  - "CapacitorCordova (from `../../node_modules/.pnpm/@capacitor+ios@5.0.4_@capacitor+core@5.0.4/node_modules/@capacitor/ios`)"
  - "CapacitorDialog (from `../../node_modules/.pnpm/@capacitor+dialog@5.0.2_@capacitor+core@5.0.4/node_modules/@capacitor/dialog`)"
  - "CapacitorFilesystem (from `../../node_modules/.pnpm/@capacitor+filesystem@5.0.2_@capacitor+core@5.0.4/node_modules/@capacitor/filesystem`)"
  - "CapacitorGeolocation (from `../../node_modules/.pnpm/@capacitor+geolocation@5.0.2_@capacitor+core@5.0.4/node_modules/@capacitor/geolocation`)"
  - "CapacitorNativeSettings (from `../../node_modules/.pnpm/capacitor-native-settings@5.0.1_@capacitor+core@5.0.4/node_modules/capacitor-native-settings`)"
  - "CapacitorPreferences (from `../../node_modules/.pnpm/@capacitor+preferences@5.0.2_@capacitor+core@5.0.4/node_modules/@capacitor/preferences`)"
  - shared (from `../shared`)

SPEC REPOS:
  trunk:
    - Firebase
    - FirebaseCore
    - FirebaseCoreDiagnostics
    - FirebaseCrashlytics
    - FirebaseInstallations
    - GoogleDataTransport
    - GoogleUtilities
    - nanopb
    - PromisesObjC
    - SQLCipher
    - ZIPFoundation

EXTERNAL SOURCES:
  Capacitor:
    :path: "../../node_modules/.pnpm/@capacitor+ios@5.0.4_@capacitor+core@5.0.4/node_modules/@capacitor/ios"
  CapacitorApp:
    :path: "../../node_modules/.pnpm/@capacitor+app@5.0.2_@capacitor+core@5.0.4/node_modules/@capacitor/app"
  CapacitorBrowser:
    :path: "../../node_modules/.pnpm/@capacitor+browser@5.0.2_@capacitor+core@5.0.4/node_modules/@capacitor/browser"
  CapacitorCamera:
    :path: "../../node_modules/.pnpm/@capacitor+camera@5.0.2_@capacitor+core@5.0.4/node_modules/@capacitor/camera"
  CapacitorClipboard:
    :path: "../../node_modules/.pnpm/@capacitor+clipboard@5.0.2_@capacitor+core@5.0.4/node_modules/@capacitor/clipboard"
  CapacitorCommunityFirebaseCrashlytics:
    :path: "../../node_modules/.pnpm/@capacitor-community+firebase-crashlytics@3.0.0_@capacitor+core@5.0.4/node_modules/@capacitor-community/firebase-crashlytics"
  CapacitorCommunityKeepAwake:
    :path: "../../node_modules/.pnpm/@capacitor-community+keep-awake@4.0.0_@capacitor+core@5.0.4/node_modules/@capacitor-community/keep-awake"
  CapacitorCommunitySqlite:
    :path: "../../node_modules/.pnpm/@capacitor-community+sqlite@5.0.2_@capacitor+core@5.0.4/node_modules/@capacitor-community/sqlite"
  CapacitorCordova:
    :path: "../../node_modules/.pnpm/@capacitor+ios@5.0.4_@capacitor+core@5.0.4/node_modules/@capacitor/ios"
  CapacitorDialog:
    :path: "../../node_modules/.pnpm/@capacitor+dialog@5.0.2_@capacitor+core@5.0.4/node_modules/@capacitor/dialog"
  CapacitorFilesystem:
    :path: "../../node_modules/.pnpm/@capacitor+filesystem@5.0.2_@capacitor+core@5.0.4/node_modules/@capacitor/filesystem"
  CapacitorGeolocation:
    :path: "../../node_modules/.pnpm/@capacitor+geolocation@5.0.2_@capacitor+core@5.0.4/node_modules/@capacitor/geolocation"
  CapacitorNativeSettings:
    :path: "../../node_modules/.pnpm/capacitor-native-settings@5.0.1_@capacitor+core@5.0.4/node_modules/capacitor-native-settings"
  CapacitorPreferences:
    :path: "../../node_modules/.pnpm/@capacitor+preferences@5.0.2_@capacitor+core@5.0.4/node_modules/@capacitor/preferences"
  shared:
    :path: "../shared"

SPEC CHECKSUMS:
  Capacitor: d3d4463573438b9fa65326d1f3549da6f4c21634
  CapacitorApp: 28fef1fd75b2b3686e875216806fb8416d421097
  CapacitorBrowser: 7986ee35377383fc40f7c1a0a793e0d9a49fe527
  CapacitorCamera: 15face5f9e030e480929a2c989deaaf3eb0d3947
  CapacitorClipboard: a198f34cd0ed4d1777da5edae13445227ec05be3
  CapacitorCommunityFirebaseCrashlytics: 54a9080411b45312fa517012bff302310d5db91a
  CapacitorCommunityKeepAwake: f3442e3e9b666dd0162522fbd053da1fe81ede20
  CapacitorCommunitySqlite: a75c9a813ff822d121bb273b8fe517f66a336e2c
  CapacitorCordova: b1fe6bf1f36974a8e4a9044b342d22d49c0996d6
  CapacitorDialog: 01c49f7f4b37e7ad59e38fd317a6e5f006f23cdc
  CapacitorFilesystem: 3a7bb944feb5b7e9473adeb08662c73141510aa8
  CapacitorGeolocation: 8532cd1585dbf0b5b721fa65ea51a36bf9a71e92
  CapacitorNativeSettings: 6e94ed3c0465206756f320df18efc52f053ce3c7
  CapacitorPreferences: 0ad8838944f900284900d9647d9b0145c89ca27d
  Firebase: 580d09e8edafc3073ebf09c03fd42e4d80d35fe9
  FirebaseCore: 8138de860a90ca7eec5e324da5788fb0ebf1d93c
  FirebaseCoreDiagnostics: 92e07a649aeb66352b319d43bdd2ee3942af84cb
  FirebaseCrashlytics: 7952ffd988006128325510664b99dc8ca5851dff
  FirebaseInstallations: 40bd9054049b2eae9a2c38ef1c3dd213df3605cd
  GoogleDataTransport: f0308f5905a745f94fb91fea9c6cbaf3831cb1bd
  GoogleUtilities: 9aa0ad5a7bc171f8bae016300bfcfa3fb8425749
  nanopb: a0ba3315591a9ae0a16a309ee504766e90db0c96
  PromisesObjC: 09985d6d70fbe7878040aa746d78236e6946d2ef
  shared: 655a369eaa8d440bae00b6d7208194db21051145
  SQLCipher: 57fa9f863fa4a3ed9dd3c90ace52315db8c0fdca
  ZIPFoundation: d170fa8e270b2a32bef9dcdcabff5b8f1a5deced

PODFILE CHECKSUM: 06c5b64a32798aa58d0fab24dc3b457b8e7d7277

COCOAPODS: 1.14.2
